
Microsoft Visual Studio Solution File, Format Version 12.00
# Visual Studio 15
VisualStudioVersion = 15.0.27004.2010
MinimumVisualStudioVersion = 10.0.40219.1
Project("{8BC9CEB8-8B4A-11D0-8D11-00A0C91BC942}") = "Battleship", "Battleship.vcxproj", "{222B62A5-D407-420B-90B7-CA3529B133D6}"
EndProject
Global
	GlobalSection(SolutionConfigurationPlatforms) = preSolution
		Debug|x64 = Debug|x64
		Debug|x86 = Debug|x86
		Release|x64 = Release|x64
		Release|x86 = Release|x86
	EndGlobalSection
	GlobalSection(ProjectConfigurationPlatforms) = postSolution
		{222B62A5-D407-420B-90B7-CA3529B133D6}.Debug|x64.ActiveCfg = Debug|x64
		{222B62A5-D407-420B-90B7-CA3529B133D6}.Debug|x64.Build.0 = Debug|x64
		{222B62A5-D407-420B-90B7-CA3529B133D6}.Debug|x86.ActiveCfg = Debug|x64
		{222B62A5-D407-420B-90B7-CA3529B133D6}.Debug|x86.Build.0 = Debug|x64
		{222B62A5-D407-420B-90B7-CA3529B133D6}.Release|x64.ActiveCfg = Release|x64
		{222B62A5-D407-420B-90B7-CA3529B133D6}.Release|x64.Build.0 = Release|x64
		{222B62A5-D407-420B-90B7-CA3529B133D6}.Release|x86.ActiveCfg = Debug|x64
		{222B62A5-D407-420B-90B7-CA3529B133D6}.Release|x86.Build.0 = Debug|x64
	EndGlobalSection
	GlobalSection(SolutionProperties) = preSolution
		HideSolutionNode = FALSE
	EndGlobalSection
	GlobalSection(ExtensibilityGlobals) = postSolution
		SolutionGuid = {5216F76E-A205-46B0-84E8-630269623A60}
	EndGlobalSection
EndGlobal
